
Microsoft Visual Studio Solution File, Format Version 12.00
# Visual Studio 2013
VisualStudioVersion = 12.0.31101.0
MinimumVisualStudioVersion = 10.0.40219.1
Project("{FAE04EC0-301F-11D3-BF4B-00C04F79EFBC}") = "SportsStore.Domain", "SportsStore.Domain\SportsStore.Domain.csproj", "{80F23F74-76A1-4F99-A832-D8063920C7B3}"
EndProject
Project("{FAE04EC0-301F-11D3-BF4B-00C04F79EFBC}") = "SportsStore.WebUI", "SportsStore.WebUI\SportsStore.WebUI.csproj", "{66CBBAED-C8FC-41F4-9FE8-06E74B533D29}"
EndProject
Project("{FAE04EC0-301F-11D3-BF4B-00C04F79EFBC}") = "SportsStore.UnitTests", "SportsStore.UnitTests\SportsStore.UnitTests.csproj", "{FCBC11EB-FCF3-42ED-AB85-6E49CE1BEF5B}"
EndProject
Global
	GlobalSection(SolutionConfigurationPlatforms) = preSolution
		Debug|Any CPU = Debug|Any CPU
		Release|Any CPU = Release|Any CPU
	EndGlobalSection
	GlobalSection(ProjectConfigurationPlatforms) = postSolution
		{80F23F74-76A1-4F99-A832-D8063920C7B3}.Debug|Any CPU.ActiveCfg = Debug|Any CPU
		{80F23F74-76A1-4F99-A832-D8063920C7B3}.Debug|Any CPU.Build.0 = Debug|Any CPU
		{80F23F74-76A1-4F99-A832-D8063920C7B3}.Release|Any CPU.ActiveCfg = Release|Any CPU
		{80F23F74-76A1-4F99-A832-D8063920C7B3}.Release|Any CPU.Build.0 = Release|Any CPU
		{66CBBAED-C8FC-41F4-9FE8-06E74B533D29}.Debug|Any CPU.ActiveCfg = Debug|Any CPU
		{66CBBAED-C8FC-41F4-9FE8-06E74B533D29}.Debug|Any CPU.Build.0 = Debug|Any CPU
		{66CBBAED-C8FC-41F4-9FE8-06E74B533D29}.Release|Any CPU.ActiveCfg = Release|Any CPU
		{66CBBAED-C8FC-41F4-9FE8-06E74B533D29}.Release|Any CPU.Build.0 = Release|Any CPU
		{FCBC11EB-FCF3-42ED-AB85-6E49CE1BEF5B}.Debug|Any CPU.ActiveCfg = Debug|Any CPU
		{FCBC11EB-FCF3-42ED-AB85-6E49CE1BEF5B}.Debug|Any CPU.Build.0 = Debug|Any CPU
		{FCBC11EB-FCF3-42ED-AB85-6E49CE1BEF5B}.Release|Any CPU.ActiveCfg = Release|Any CPU
		{FCBC11EB-FCF3-42ED-AB85-6E49CE1BEF5B}.Release|Any CPU.Build.0 = Release|Any CPU
	EndGlobalSection
	GlobalSection(SolutionProperties) = preSolution
		HideSolutionNode = FALSE
	EndGlobalSection
EndGlobal
